
Microsoft Visual Studio Solution File, Format Version 12.00
# Visual Studio Version 16
VisualStudioVersion = 16.0.29709.97
MinimumVisualStudioVersion = 10.0.40219.1
Project("{FAE04EC0-301F-11D3-BF4B-00C04F79EFBC}") = "EntityFrameworkPractice", "EntityFrameworkPractice\EntityFrameworkPractice.csproj", "{559FECB1-1D7E-4271-B4EC-F957B54B8B83}"
EndProject
Global
	GlobalSection(SolutionConfigurationPlatforms) = preSolution
		Debug|Any CPU = Debug|Any CPU
		Release|Any CPU = Release|Any CPU
	EndGlobalSection
	GlobalSection(ProjectConfigurationPlatforms) = postSolution
		{559FECB1-1D7E-4271-B4EC-F957B54B8B83}.Debug|Any CPU.ActiveCfg = Debug|Any CPU
		{559FECB1-1D7E-4271-B4EC-F957B54B8B83}.Debug|Any CPU.Build.0 = Debug|Any CPU
		{559FECB1-1D7E-4271-B4EC-F957B54B8B83}.Release|Any CPU.ActiveCfg = Release|Any CPU
		{559FECB1-1D7E-4271-B4EC-F957B54B8B83}.Release|Any CPU.Build.0 = Release|Any CPU
	EndGlobalSection
	GlobalSection(SolutionProperties) = preSolution
		HideSolutionNode = FALSE
	EndGlobalSection
	GlobalSection(ExtensibilityGlobals) = postSolution
		SolutionGuid = {97B5D57B-B4D7-4A43-B082-A5CA36AAEE36}
	EndGlobalSection
EndGlobal
